
Microsoft Visual Studio Solution File, Format Version 12.00
# Visual Studio Version 17
VisualStudioVersion = 17.8.34525.116
MinimumVisualStudioVersion = 10.0.40219.1
Project("{9A19103F-16F7-4668-BE54-9A1E7A4F7556}") = "Trade.Domain", "Stock.Domain\Trade.Domain.csproj", "{194C89F9-1702-436B-9711-A4A9177E03A9}"
EndProject
Project("{9A19103F-16F7-4668-BE54-9A1E7A4F7556}") = "Trade.Application", "Stock.Application\Trade.Application.csproj", "{890A54B2-D478-4522-AF74-0A67934BC452}"
EndProject
Project("{9A19103F-16F7-4668-BE54-9A1E7A4F7556}") = "Trade.Infrastructure", "Stock.Infrastructure\Trade.Infrastructure.csproj", "{D7155118-B395-4773-AEC0-E9A6A846C874}"
EndProject
Project("{9A19103F-16F7-4668-BE54-9A1E7A4F7556}") = "TradeAPI", "StockApi\TradeAPI.csproj", "{B66AAAB5-8B1A-4CB0-AD3B-C2D2E3AB102E}"
EndProject
Project("{2150E333-8FDC-42A3-9474-1A3956D46DE8}") = "Solution Items", "Solution Items", "{6CB0541F-7502-4AF6-B1F9-DEC6492E9FC9}"
	ProjectSection(SolutionItems) = preProject
		.gitignore = .gitignore
	EndProjectSection
EndProject
Global
	GlobalSection(SolutionConfigurationPlatforms) = preSolution
		Debug|Any CPU = Debug|Any CPU
		Release|Any CPU = Release|Any CPU
	EndGlobalSection
	GlobalSection(ProjectConfigurationPlatforms) = postSolution
		{194C89F9-1702-436B-9711-A4A9177E03A9}.Debug|Any CPU.ActiveCfg = Debug|Any CPU
		{194C89F9-1702-436B-9711-A4A9177E03A9}.Debug|Any CPU.Build.0 = Debug|Any CPU
		{194C89F9-1702-436B-9711-A4A9177E03A9}.Release|Any CPU.ActiveCfg = Release|Any CPU
		{194C89F9-1702-436B-9711-A4A9177E03A9}.Release|Any CPU.Build.0 = Release|Any CPU
		{890A54B2-D478-4522-AF74-0A67934BC452}.Debug|Any CPU.ActiveCfg = Debug|Any CPU
		{890A54B2-D478-4522-AF74-0A67934BC452}.Debug|Any CPU.Build.0 = Debug|Any CPU
		{890A54B2-D478-4522-AF74-0A67934BC452}.Release|Any CPU.ActiveCfg = Release|Any CPU
		{890A54B2-D478-4522-AF74-0A67934BC452}.Release|Any CPU.Build.0 = Release|Any CPU
		{D7155118-B395-4773-AEC0-E9A6A846C874}.Debug|Any CPU.ActiveCfg = Debug|Any CPU
		{D7155118-B395-4773-AEC0-E9A6A846C874}.Debug|Any CPU.Build.0 = Debug|Any CPU
		{D7155118-B395-4773-AEC0-E9A6A846C874}.Release|Any CPU.ActiveCfg = Release|Any CPU
		{D7155118-B395-4773-AEC0-E9A6A846C874}.Release|Any CPU.Build.0 = Release|Any CPU
		{B66AAAB5-8B1A-4CB0-AD3B-C2D2E3AB102E}.Debug|Any CPU.ActiveCfg = Debug|Any CPU
		{B66AAAB5-8B1A-4CB0-AD3B-C2D2E3AB102E}.Debug|Any CPU.Build.0 = Debug|Any CPU
		{B66AAAB5-8B1A-4CB0-AD3B-C2D2E3AB102E}.Release|Any CPU.ActiveCfg = Release|Any CPU
		{B66AAAB5-8B1A-4CB0-AD3B-C2D2E3AB102E}.Release|Any CPU.Build.0 = Release|Any CPU
	EndGlobalSection
	GlobalSection(SolutionProperties) = preSolution
		HideSolutionNode = FALSE
	EndGlobalSection
	GlobalSection(ExtensibilityGlobals) = postSolution
		SolutionGuid = {E962534F-2B80-453D-B0BB-16647E4A3548}
	EndGlobalSection
EndGlobal
